<?xml version="1.0" encoding="utf-8"?>
<Project ToolsVersion="4.0" xmlns="http://schemas.microsoft.com/developer/msbuild/2003">
  <ItemGroup>
    <Filter Include="Source Files">
      <UniqueIdentifier>{4FC737F1-C7A5-4376-A066-2A32D752A2FF}</UniqueIdentifier>
      <Extensions>cpp;c;cc;cxx;def;odl;idl;hpj;bat;asm;asmx</Extensions>
    </Filter>
    <Filter Include="Header Files">
      <UniqueIdentifier>{93995380-89BD-4b04-88EB-625FBE52EBFB}</UniqueIdentifier>
      <Extensions>h;hpp;hxx;hm;inl;inc;xsd</Extensions>
    </Filter>
    <Filter Include="Resource Files">
      <UniqueIdentifier>{67DA6AB6-F800-4c08-8B7A-83BB121AAD01}</UniqueIdentifier>
      <Extensions>rc;ico;cur;bmp;dlg;rc2;rct;bin;rgs;gif;jpg;jpeg;jpe;resx;tiff;tif;png;wav;mfcribbon-ms</Extensions>
    </Filter>
    <Filter Include="OCR">
      <UniqueIdentifier>{cffa23b8-ff6d-4415-aa19-507d51a8f29b}</UniqueIdentifier>
    </Filter>
    <Filter Include="Info">
      <UniqueIdentifier>{2acc9f72-1f41-45ab-90e4-6c0d8a7712e0}</UniqueIdentifier>
    </Filter>
    <Filter Include="Action">
      <UniqueIdentifier>{d6691ddf-a90b-4400-8513-23cfdf76d5f2}</UniqueIdentifier>
    </Filter>
    <Filter Include="Strategy">
      <UniqueIdentifier>{e668d3df-9185-4a26-9a73-9fb633370fbc}</UniqueIdentifier>
    </Filter>
    <Filter Include="Utils">
      <UniqueIdentifier>{e6d173a5-4486-4212-90d8-a827c9862a86}</UniqueIdentifier>
    </Filter>
    <Filter Include="Recaptal">
      <UniqueIdentifier>{05e098ae-fb1f-464e-83fa-b03f4250dd5f}</UniqueIdentifier>
    </Filter>
  </ItemGroup>
  <ItemGroup>
    <None Include="ReadMe.txt" />
    <None Include="res\MyBid.rc2">
      <Filter>Resource Files</Filter>
    </None>
    <None Include="res\MyBid.ico">
      <Filter>Resource Files</Filter>
    </None>
  </ItemGroup>
  <ItemGroup>
    <ClInclude Include="MyBid.h">
      <Filter>Header Files</Filter>
    </ClInclude>
    <ClInclude Include="MyBidDlg.h">
      <Filter>Header Files</Filter>
    </ClInclude>
    <ClInclude Include="stdafx.h">
      <Filter>Header Files</Filter>
    </ClInclude>
    <ClInclude Include="targetver.h">
      <Filter>Header Files</Filter>
    </ClInclude>
    <ClInclude Include="Resource.h">
      <Filter>Header Files</Filter>
    </ClInclude>
    <ClInclude Include="TrainingDlg.h">
      <Filter>Header Files</Filter>
    </ClInclude>
    <ClInclude Include="RecognizeDlg.h">
      <Filter>Header Files</Filter>
    </ClInclude>
    <ClInclude Include="BidWorkDlg.h">
      <Filter>Header Files</Filter>
    </ClInclude>
    <ClInclude Include="ocr\Common.h">
      <Filter>OCR</Filter>
    </ClInclude>
    <ClInclude Include="ocr\FontLoader.h">
      <Filter>OCR</Filter>
    </ClInclude>
    <ClInclude Include="ocr\FontTraining.h">
      <Filter>OCR</Filter>
    </ClInclude>
    <ClInclude Include="ocr\Recognizer.h">
      <Filter>OCR</Filter>
    </ClInclude>
    <ClInclude Include="ocr\ScreenImage.h">
      <Filter>OCR</Filter>
    </ClInclude>
    <ClInclude Include="OCREngine.h">
      <Filter>OCR</Filter>
    </ClInclude>
    <ClInclude Include="ScreenSelectionDialog.h">
      <Filter>Header Files</Filter>
    </ClInclude>
    <ClInclude Include="IOCRListener.h">
      <Filter>OCR</Filter>
    </ClInclude>
    <ClInclude Include="CpuTime.h">
      <Filter>OCR</Filter>
    </ClInclude>
    <ClInclude Include="info\InfoEngine.h">
      <Filter>Info</Filter>
    </ClInclude>
    <ClInclude Include="act\ActionEngine.h">
      <Filter>Action</Filter>
    </ClInclude>
    <ClInclude Include="strategy\SmartStrategy.h">
      <Filter>Strategy</Filter>
    </ClInclude>
    <ClInclude Include="strategy\IStrategy.h">
      <Filter>Strategy</Filter>
    </ClInclude>
    <ClInclude Include="strategy\ActInTime.h">
      <Filter>Strategy</Filter>
    </ClInclude>
    <ClInclude Include="utils\Log.h">
      <Filter>Utils</Filter>
    </ClInclude>
    <ClInclude Include="strategy\StrategyManager.h">
      <Filter>Strategy</Filter>
    </ClInclude>
    <ClInclude Include="strategy\StoreStrategy.h">
      <Filter>Strategy</Filter>
    </ClInclude>
    <ClInclude Include="ocr\PixelBitAnalyze.h">
      <Filter>OCR</Filter>
    </ClInclude>
    <ClInclude Include="recaptal\Recaptal.h">
      <Filter>Recaptal</Filter>
    </ClInclude>
    <ClInclude Include="recaptal\NetworkProtocol.h">
      <Filter>Recaptal</Filter>
    </ClInclude>
    <ClInclude Include="recaptal\http_parser.h">
      <Filter>Recaptal</Filter>
    </ClInclude>
    <ClInclude Include="recaptal\HttpResponse.h">
      <Filter>Recaptal</Filter>
    </ClInclude>
    <ClInclude Include="server\proto\ReCaptcha.h">
      <Filter>Recaptal</Filter>
    </ClInclude>
    <ClInclude Include="server\proto\ReCaptcha_constants.h">
      <Filter>Recaptal</Filter>
    </ClInclude>
    <ClInclude Include="server\proto\ReCaptcha_types.h">
      <Filter>Recaptal</Filter>
    </ClInclude>
  </ItemGroup>
  <ItemGroup>
    <ClCompile Include="MyBid.cpp">
      <Filter>Source Files</Filter>
    </ClCompile>
    <ClCompile Include="MyBidDlg.cpp">
      <Filter>Source Files</Filter>
    </ClCompile>
    <ClCompile Include="stdafx.cpp">
      <Filter>Source Files</Filter>
    </ClCompile>
    <ClCompile Include="TrainingDlg.cpp">
      <Filter>Source Files</Filter>
    </ClCompile>
    <ClCompile Include="RecognizeDlg.cpp">
      <Filter>Source Files</Filter>
    </ClCompile>
    <ClCompile Include="ocr\FontLoader.cpp">
      <Filter>OCR</Filter>
    </ClCompile>
    <ClCompile Include="ocr\FontTraining.cpp">
      <Filter>OCR</Filter>
    </ClCompile>
    <ClCompile Include="ocr\Recognizer.cpp">
      <Filter>OCR</Filter>
    </ClCompile>
    <ClCompile Include="ocr\ScreenImage.cpp">
      <Filter>OCR</Filter>
    </ClCompile>
    <ClCompile Include="OCREngine.cpp">
      <Filter>OCR</Filter>
    </ClCompile>
    <ClCompile Include="ScreenSelectionDialog.cpp">
      <Filter>Source Files</Filter>
    </ClCompile>
    <ClCompile Include="BidWorkDlg.cpp">
      <Filter>Source Files</Filter>
    </ClCompile>
    <ClCompile Include="info\InfoEngine.cpp">
      <Filter>Info</Filter>
    </ClCompile>
    <ClCompile Include="act\ActionEngine.cpp">
      <Filter>Action</Filter>
    </ClCompile>
    <ClCompile Include="strategy\SmartStrategy.cpp">
      <Filter>Strategy</Filter>
    </ClCompile>
    <ClCompile Include="strategy\IStrategy.cpp">
      <Filter>Strategy</Filter>
    </ClCompile>
    <ClCompile Include="strategy\ActInTime.cpp">
      <Filter>Strategy</Filter>
    </ClCompile>
    <ClCompile Include="utils\Log.cpp">
      <Filter>Utils</Filter>
    </ClCompile>
    <ClCompile Include="strategy\StrategyManager.cpp">
      <Filter>Strategy</Filter>
    </ClCompile>
    <ClCompile Include="strategy\StoreStrategy.cpp">
      <Filter>Strategy</Filter>
    </ClCompile>
    <ClCompile Include="ocr\PixelBitAnalyze.cpp">
      <Filter>OCR</Filter>
    </ClCompile>
    <ClCompile Include="recaptal\Recaptal.cpp">
      <Filter>Recaptal</Filter>
    </ClCompile>
    <ClCompile Include="recaptal\http_parser.cpp">
      <Filter>Recaptal</Filter>
    </ClCompile>
    <ClCompile Include="server\proto\ReCaptcha.cpp">
      <Filter>Recaptal</Filter>
    </ClCompile>
    <ClCompile Include="server\proto\ReCaptcha_constants.cpp">
      <Filter>Recaptal</Filter>
    </ClCompile>
    <ClCompile Include="server\proto\ReCaptcha_types.cpp">
      <Filter>Recaptal</Filter>
    </ClCompile>
  </ItemGroup>
  <ItemGroup>
    <ResourceCompile Include="MyBid.rc">
      <Filter>Resource Files</Filter>
    </ResourceCompile>
  </ItemGroup>
</Project>